// !$*UTF8*$!
{
	archiveVersion = 1;
	classes = {
	};
	objectVersion = 46;
	objects = {

/* Begin PBXBuildFile section */
		02C72B031E603EFE00FBE18D /* AppDelegate.swift in Sources */ = {isa = PBXBuildFile; fileRef = 02C72B021E603EFE00FBE18D /* AppDelegate.swift */; };
		02C72B051E603EFE00FBE18D /* ViewController.swift in Sources */ = {isa = PBXBuildFile; fileRef = 02C72B041E603EFE00FBE18D /* ViewController.swift */; };
		02C72B081E603EFE00FBE18D /* Main.storyboard in Resources */ = {isa = PBXBuildFile; fileRef = 02C72B061E603EFE00FBE18D /* Main.storyboard */; };
		02C72B0A1E603EFE00FBE18D /* Assets.xcassets in Resources */ = {isa = PBXBuildFile; fileRef = 02C72B091E603EFE00FBE18D /* Assets.xcassets */; };
		02C72B0D1E603EFE00FBE18D /* LaunchScreen.storyboard in Resources */ = {isa = PBXBuildFile; fileRef = 02C72B0B1E603EFE00FBE18D /* LaunchScreen.storyboard */; };
/* End PBXBuildFile section */

/* Begin PBXFileReference section */
		02C72AFF1E603EFE00FBE18D /* jeromemies-pset3.app */ = {isa = PBXFileReference; explicitFileType = wrapper.application; includeInIndex = 0; path = "jeromemies-pset3.app"; sourceTree = BUILT_PRODUCTS_DIR; };
		02C72B021E603EFE00FBE18D /* AppDelegate.swift */ = {isa = PBXFileReference; lastKnownFileType = sourcecode.swift; path = AppDelegate.swift; sourceTree = "<group>"; };
		02C72B041E603EFE00FBE18D /* ViewController.swift */ = {isa = PBXFileReference; lastKnownFileType = sourcecode.swift; path = ViewController.swift; sourceTree = "<group>"; };
		02C72B071E603EFE00FBE18D /* Base */ = {isa = PBXFileReference; lastKnownFileType = file.storyboard; name = Base; path = Base.lproj/Main.storyboard; sourceTree = "<group>"; };
		02C72B091E603EFE00FBE18D /* Assets.xcassets */ = {isa = PBXFileReference; lastKnownFileType = folder.assetcatalog; path = Assets.xcassets; sourceTree = "<group>"; };
		02C72B0C1E603EFE00FBE18D /* Base */ = {isa = PBXFileReference; lastKnownFileType = file.storyboard; name = Base; path = Base.lproj/LaunchScreen.storyboard; sourceTree = "<group>"; };
		02C72B0E1E603EFE00FBE18D /* Info.plist */ = {isa = PBXFileReference; lastKnownFileType = text.plist.xml; path = Info.plist; sourceTree = "<group>"; };
/* End PBXFileReference section */

/* Begin PBXFrameworksBuildPhase section */
		02C72AFC1E603EFE00FBE18D /* Frameworks */ = {
			isa = PBXFrameworksBuildPhase;
			buildActionMask = 2147483647;
			files = (
			);
			runOnlyForDeploymentPostprocessing = 0;
		};
/* End PBXFrameworksBuildPhase section */

/* Begin PBXGroup section */
		02C72AF61E603EFD00FBE18D = {
			isa = PBXGroup;
			children = (
				02C72B011E603EFE00FBE18D /* jeromemies-pset3 */,
				02C72B001E603EFE00FBE18D /* Products */,
			);
			sourceTree = "<group>";
		};
		02C72B001E603EFE00FBE18D /* Products */ = {
			isa = PBXGroup;
			children = (
				02C72AFF1E603EFE00FBE18D /* jeromemies-pset3.app */,
			);
			name = Products;
			sourceTree = "<group>";
		};
		02C72B011E603EFE00FBE18D /* jeromemies-pset3 */ = {
			isa = PBXGroup;
			children = (
				02C72B021E603EFE00FBE18D /* AppDelegate.swift */,
				02C72B041E603EFE00FBE18D /* ViewController.swift */,
				02C72B061E603EFE00FBE18D /* Main.storyboard */,
				02C72B091E603EFE00FBE18D /* Assets.xcassets */,
				02C72B0B1E603EFE00FBE18D /* LaunchScreen.storyboard */,
				02C72B0E1E603EFE00FBE18D /* Info.plist */,
			);
			path = "jeromemies-pset3";
			sourceTree = "<group>";
		};
/* End PBXGroup section */

/* Begin PBXNativeTarget section */
		02C72AFE1E603EFE00FBE18D /* jeromemies-pset3 */ = {
			isa = PBXNativeTarget;
			buildConfigurationList = 02C72B111E603EFE00FBE18D /* Build configuration list for PBXNativeTarget "jeromemies-pset3" */;
			buildPhases = (
				02C72AFB1E603EFE00FBE18D /* Sources */,
				02C72AFC1E603EFE00FBE18D /* Frameworks */,
				02C72AFD1E603EFE00FBE18D /* Resources */,
			);
			buildRules = (
			);
			dependencies = (
			);
			name = "jeromemies-pset3";
			productName = "jeromemies-pset3";
			productReference = 02C72AFF1E603EFE00FBE18D /* jeromemies-pset3.app */;
			productType = "com.apple.product-type.application";
		};
/* End PBXNativeTarget section */

/* Begin PBXProject section */
		02C72AF71E603EFE00FBE18D /* Project object */ = {
			isa = PBXProject;
			attributes = {
				LastSwiftUpdateCheck = 0820;
				LastUpgradeCheck = 0820;
				ORGANIZATIONNAME = "Jerome Mies";
				TargetAttributes = {
					02C72AFE1E603EFE00FBE18D = {
						CreatedOnToolsVersion = 8.2.1;
						ProvisioningStyle = Automatic;
					};
				};
			};
			buildConfigurationList = 02C72AFA1E603EFE00FBE18D /* Build configuration list for PBXProject "jeromemies-pset3" */;
			compatibilityVersion = "Xcode 3.2";
			developmentRegion = English;
			hasScannedForEncodings = 0;
			knownRegions = (
				en,
				Base,
			);
			mainGroup = 02C72AF61E603EFD00FBE18D;
			productRefGroup = 02C72B001E603EFE00FBE18D /* Products */;
			projectDirPath = "";
			projectRoot = "";
			targets = (
				02C72AFE1E603EFE00FBE18D /* jeromemies-pset3 */,
			);
		};
/* End PBXProject section */

/* Begin PBXResourcesBuildPhase section */
		02C72AFD1E603EFE00FBE18D /* Resources */ = {
			isa = PBXResourcesBuildPhase;
			buildActionMask = 2147483647;
			files = (
				02C72B0D1E603EFE00FBE18D /* LaunchScreen.storyboard in Resources */,
				02C72B0A1E603EFE00FBE18D /* Assets.xcassets in Resources */,
				02C72B081E603EFE00FBE18D /* Main.storyboard in Resources */,
			);
			runOnlyForDeploymentPostprocessing = 0;
		};
/* End PBXResourcesBuildPhase section */

/* Begin PBXSourcesBuildPhase section */
		02C72AFB1E603EFE00FBE18D /* Sources */ = {
			isa = PBXSourcesBuildPhase;
			buildActionMask = 2147483647;
			files = (
				02C72B051E603EFE00FBE18D /* ViewController.swift in Sources */,
				02C72B031E603EFE00FBE18D /* AppDelegate.swift in Sources */,
			);
			runOnlyForDeploymentPostprocessing = 0;
		};
/* End PBXSourcesBuildPhase section */

/* Begin PBXVariantGroup section */
		02C72B061E603EFE00FBE18D /* Main.storyboard */ = {
			isa = PBXVariantGroup;
			children = (
				02C72B071E603EFE00FBE18D /* Base */,
			);
			name = Main.storyboard;
			sourceTree = "<group>";
		};
		02C72B0B1E603EFE00FBE18D /* LaunchScreen.storyboard */ = {
			isa = PBXVariantGroup;
			children = (
				02C72B0C1E603EFE00FBE18D /* Base */,
			);
			name = LaunchScreen.storyboard;
			sourceTree = "<group>";
		};
/* End PBXVariantGroup section */

/* Begin XCBuildConfiguration section */
		02C72B0F1E603EFE00FBE18D /* Debug */ = {
			isa = XCBuildConfiguration;
			buildSettings = {
				ALWAYS_SEARCH_USER_PATHS = NO;
				CLANG_ANALYZER_NONNULL = YES;
				CLANG_CXX_LANGUAGE_STANDARD = "gnu++0x";
				CLANG_CXX_LIBRARY = "libc++";
				CLANG_ENABLE_MODULES = YES;
				CLANG_ENABLE_OBJC_ARC = YES;
				CLANG_WARN_BOOL_CONVERSION = YES;
				CLANG_WARN_CONSTANT_CONVERSION = YES;
				CLANG_WARN_DIRECT_OBJC_ISA_USAGE = YES_ERROR;
				CLANG_WARN_DOCUMENTATION_COMMENTS = YES;
				CLANG_WARN_EMPTY_BODY = YES;
				CLANG_WARN_ENUM_CONVERSION = YES;
				CLANG_WARN_INFINITE_RECURSION = YES;
				CLANG_WARN_INT_CONVERSION = YES;
				CLANG_WARN_OBJC_ROOT_CLASS = YES_ERROR;
				CLANG_WARN_SUSPICIOUS_MOVE = YES;
				CLANG_WARN_UNREACHABLE_CODE = YES;
				CLANG_WARN__DUPLICATE_METHOD_MATCH = YES;
				"CODE_SIGN_IDENTITY[sdk=iphoneos*]" = "iPhone Developer";
				COPY_PHASE_STRIP = NO;
				DEBUG_INFORMATION_FORMAT = dwarf;
				ENABLE_STRICT_OBJC_MSGSEND = YES;
				ENABLE_TESTABILITY = YES;
				GCC_C_LANGUAGE_STANDARD = gnu99;
				GCC_DYNAMIC_NO_PIC = NO;
				GCC_NO_COMMON_BLOCKS = YES;
				GCC_OPTIMIZATION_LEVEL = 0;
				GCC_PREPROCESSOR_DEFINITIONS = (
					"DEBUG=1",
					"$(inherited)",
				);
				GCC_WARN_64_TO_32_BIT_CONVERSION = YES;
				GCC_WARN_ABOUT_RETURN_TYPE = YES_ERROR;
				GCC_WARN_UNDECLARED_SELECTOR = YES;
				GCC_WARN_UNINITIALIZED_AUTOS = YES_AGGRESSIVE;
				GCC_WARN_UNUSED_FUNCTION = YES;
				GCC_WARN_UNUSED_VARIABLE = YES;
				IPHONEOS_DEPLOYMENT_TARGET = 10.2;
				MTL_ENABLE_DEBUG_INFO = YES;
				ONLY_ACTIVE_ARCH = YES;
				SDKROOT = iphoneos;
				SWIFT_ACTIVE_COMPILATION_CONDITIONS = DEBUG;
				SWIFT_OPTIMIZATION_LEVEL = "-Onone";
				TARGETED_DEVICE_FAMILY = "1,2";
			};
			name = Debug;
		};
		02C72B101E603EFE00FBE18D /* Release */ = {
			isa = XCBuildConfiguration;
			buildSettings = {
				ALWAYS_SEARCH_USER_PATHS = NO;
				CLANG_ANALYZER_NONNULL = YES;
				CLANG_CXX_LANGUAGE_STANDARD = "gnu++0x";
				CLANG_CXX_LIBRARY = "libc++";
				CLANG_ENABLE_MODULES = YES;
				CLANG_ENABLE_OBJC_ARC = YES;
				CLANG_WARN_BOOL_CONVERSION = YES;
				CLANG_WARN_CONSTANT_CONVERSION = YES;
				CLANG_WARN_DIRECT_OBJC_ISA_USAGE = YES_ERROR;
				CLANG_WARN_DOCUMENTATION_COMMENTS = YES;
				CLANG_WARN_EMPTY_BODY = YES;
				CLANG_WARN_ENUM_CONVERSION = YES;
				CLANG_WARN_INFINITE_RECURSION = YES;
				CLANG_WARN_INT_CONVERSION = YES;
				CLANG_WARN_OBJC_ROOT_CLASS = YES_ERROR;
				CLANG_WARN_SUSPICIOUS_MOVE = YES;
				CLANG_WARN_UNREACHABLE_CODE = YES;
				CLANG_WARN__DUPLICATE_METHOD_MATCH = YES;
				"CODE_SIGN_IDENTITY[sdk=iphoneos*]" = "iPhone Developer";
				COPY_PHASE_STRIP = NO;
				DEBUG_INFORMATION_FORMAT = "dwarf-with-dsym";
				ENABLE_NS_ASSERTIONS = NO;
				ENABLE_STRICT_OBJC_MSGSEND = YES;
				GCC_C_LANGUAGE_STANDARD = gnu99;
				GCC_NO_COMMON_BLOCKS = YES;
				GCC_WARN_64_TO_32_BIT_CONVERSION = YES;
				GCC_WARN_ABOUT_RETURN_TYPE = YES_ERROR;
				GCC_WARN_UNDECLARED_SELECTOR = YES;
				GCC_WARN_UNINITIALIZED_AUTOS = YES_AGGRESSIVE;
				GCC_WARN_UNUSED_FUNCTION = YES;
				GCC_WARN_UNUSED_VARIABLE = YES;
				IPHONEOS_DEPLOYMENT_TARGET = 10.2;
				MTL_ENABLE_DEBUG_INFO = NO;
				SDKROOT = iphoneos;
				SWIFT_OPTIMIZATION_LEVEL = "-Owholemodule";
				TARGETED_DEVICE_FAMILY = "1,2";
				VALIDATE_PRODUCT = YES;
			};
			name = Release;
		};
		02C72B121E603EFE00FBE18D /* Debug */ = {
			isa = XCBuildConfiguration;
			buildSettings = {
				ASSETCATALOG_COMPILER_APPICON_NAME = AppIcon;
				INFOPLIST_FILE = "jeromemies-pset3/Info.plist";
				LD_RUNPATH_SEARCH_PATHS = "$(inherited) @executable_path/Frameworks";
				PRODUCT_BUNDLE_IDENTIFIER = "nl.mprog.jeromemies-pset3";
				PRODUCT_NAME = "$(TARGET_NAME)";
				SWIFT_VERSION = 3.0;
			};
			name = Debug;
		};
		02C72B131E603EFE00FBE18D /* Release */ = {
			isa = XCBuildConfiguration;
			buildSettings = {
				ASSETCATALOG_COMPILER_APPICON_NAME = AppIcon;
				INFOPLIST_FILE = "jeromemies-pset3/Info.plist";
				LD_RUNPATH_SEARCH_PATHS = "$(inherited) @executable_path/Frameworks";
				PRODUCT_BUNDLE_IDENTIFIER = "nl.mprog.jeromemies-pset3";
				PRODUCT_NAME = "$(TARGET_NAME)";
				SWIFT_VERSION = 3.0;
			};
			name = Release;
		};
/* End XCBuildConfiguration section */

/* Begin XCConfigurationList section */
		02C72AFA1E603EFE00FBE18D /* Build configuration list for PBXProject "jeromemies-pset3" */ = {
			isa = XCConfigurationList;
			buildConfigurations = (
				02C72B0F1E603EFE00FBE18D /* Debug */,
				02C72B101E603EFE00FBE18D /* Release */,
			);
			defaultConfigurationIsVisible = 0;
			defaultConfigurationName = Release;
		};
		02C72B111E603EFE00FBE18D /* Build configuration list for PBXNativeTarget "jeromemies-pset3" */ = {
			isa = XCConfigurationList;
			buildConfigurations = (
				02C72B121E603EFE00FBE18D /* Debug */,
				02C72B131E603EFE00FBE18D /* Release */,
			);
			defaultConfigurationIsVisible = 0;
		};
/* End XCConfigurationList section */
	};
	rootObject = 02C72AF71E603EFE00FBE18D /* Project object */;
}
